// !$*UTF8*$!
{
	archiveVersion = 1;
	classes = {
	};
	objectVersion = 46;
	objects = {

/* Begin PBXBuildFile section */
		3B2EEECB18F2EF1900BCCE06 /* MyManager.m in Sources */ = {isa = PBXBuildFile; fileRef = 3B2EEECA18F2EF1900BCCE06 /* MyManager.m */; };
		3B2EEECF18F5ADB300BCCE06 /* ZipScreenViewController.m in Sources */ = {isa = PBXBuildFile; fileRef = 3B2EEECE18F5ADB300BCCE06 /* ZipScreenViewController.m */; };
		3B5B639518E1CAE60019E348 /* NSDate+InternetDateTime.m in Sources */ = {isa = PBXBuildFile; fileRef = 3B5B639418E1CAE60019E348 /* NSDate+InternetDateTime.m */; };
		3B5B639818E1DBD60019E348 /* RssDetailViewController.m in Sources */ = {isa = PBXBuildFile; fileRef = 3B5B639718E1DBD50019E348 /* RssDetailViewController.m */; };
		3B7BDB7918E88BF90084A7B7 /* CustomTableViewController.m in Sources */ = {isa = PBXBuildFile; fileRef = 3B7BDB5318E88BF80084A7B7 /* CustomTableViewController.m */; };
		3B7BDB7A18E88BF90084A7B7 /* CustonCell.m in Sources */ = {isa = PBXBuildFile; fileRef = 3B7BDB5518E88BF80084A7B7 /* CustonCell.m */; };
		3B7BDB8518E88D050084A7B7 /* CandidateListViewController.m in Sources */ = {isa = PBXBuildFile; fileRef = 3B7BDB8218E88D050084A7B7 /* CandidateListViewController.m */; };
		3B7BDB8618E88D050084A7B7 /* CandidateCell.m in Sources */ = {isa = PBXBuildFile; fileRef = 3B7BDB8418E88D050084A7B7 /* CandidateCell.m */; };
		3B7BDB8918E88DA90084A7B7 /* CandidateViewController.m in Sources */ = {isa = PBXBuildFile; fileRef = 3B7BDB8818E88DA90084A7B7 /* CandidateViewController.m */; };
		3B7BDB9018EB79690084A7B7 /* OFL.txt in Resources */ = {isa = PBXBuildFile; fileRef = 3B7BDB8B18EB79670084A7B7 /* OFL.txt */; };
		3B7BDB9118EB79690084A7B7 /* PT_Sans-Web-Bold.ttf in Resources */ = {isa = PBXBuildFile; fileRef = 3B7BDB8C18EB79680084A7B7 /* PT_Sans-Web-Bold.ttf */; };
		3B7BDB9218EB79690084A7B7 /* PT_Sans-Web-BoldItalic.ttf in Resources */ = {isa = PBXBuildFile; fileRef = 3B7BDB8D18EB79680084A7B7 /* PT_Sans-Web-BoldItalic.ttf */; };
		3B7BDB9318EB79690084A7B7 /* PT_Sans-Web-Italic.ttf in Resources */ = {isa = PBXBuildFile; fileRef = 3B7BDB8E18EB79680084A7B7 /* PT_Sans-Web-Italic.ttf */; };
		3B7BDB9418EB79690084A7B7 /* PT_Sans-Web-Regular.ttf in Resources */ = {isa = PBXBuildFile; fileRef = 3B7BDB8F18EB79680084A7B7 /* PT_Sans-Web-Regular.ttf */; };
		3B9A6BE818EEFC5500E0CF60 /* SWRevealViewController.m in Sources */ = {isa = PBXBuildFile; fileRef = 3B9A6BE718EEFC5500E0CF60 /* SWRevealViewController.m */; };
		3B9A6BEB18EF049800E0CF60 /* SideBarViewController.m in Sources */ = {isa = PBXBuildFile; fileRef = 3B9A6BEA18EF049800E0CF60 /* SideBarViewController.m */; };
		3B9A6BEE18F06B3500E0CF60 /* PageContentViewController.m in Sources */ = {isa = PBXBuildFile; fileRef = 3B9A6BED18F06B3500E0CF60 /* PageContentViewController.m */; };
		3B9A6BF118F06CF100E0CF60 /* QuizViewController.m in Sources */ = {isa = PBXBuildFile; fileRef = 3B9A6BF018F06CF100E0CF60 /* QuizViewController.m */; };
		3BCDBEE218F998BD00665219 /* intELECTFinalLogo.png in Resources */ = {isa = PBXBuildFile; fileRef = 3BCDBEDE18F998BC00665219 /* intELECTFinalLogo.png */; };
		3BCDBEE318F998BD00665219 /* intELECTFinalLogo.psd in Resources */ = {isa = PBXBuildFile; fileRef = 3BCDBEDF18F998BC00665219 /* intELECTFinalLogo.psd */; };
		3BCDBEE418F998BD00665219 /* NavBar.png in Resources */ = {isa = PBXBuildFile; fileRef = 3BCDBEE018F998BD00665219 /* NavBar.png */; };
		3BCDBEE518F998BD00665219 /* United_States_Capitol_-_west_front.jpg in Resources */ = {isa = PBXBuildFile; fileRef = 3BCDBEE118F998BD00665219 /* United_States_Capitol_-_west_front.jpg */; };
		3BCDBEEE18FD93B400665219 /* RegistrationViewController.m in Sources */ = {isa = PBXBuildFile; fileRef = 3BCDBEED18FD93B400665219 /* RegistrationViewController.m */; };
		3BCDBEF118FD93D100665219 /* WebViewController.m in Sources */ = {isa = PBXBuildFile; fileRef = 3BCDBEF018FD93D100665219 /* WebViewController.m */; };
		3BCDBEF918FDAC4600665219 /* intELECTSplash640x960.png in Resources */ = {isa = PBXBuildFile; fileRef = 3BCDBEF318FDAC4600665219 /* intELECTSplash640x960.png */; };
		3BCDBEFA18FDAC4600665219 /* intELECTSplash640x1136.png in Resources */ = {isa = PBXBuildFile; fileRef = 3BCDBEF418FDAC4600665219 /* intELECTSplash640x1136.png */; };
		3BCDBEFB18FDAC4600665219 /* Logo58.png in Resources */ = {isa = PBXBuildFile; fileRef = 3BCDBEF518FDAC4600665219 /* Logo58.png */; };
		3BCDBEFC18FDAC4600665219 /* Logo80.png in Resources */ = {isa = PBXBuildFile; fileRef = 3BCDBEF618FDAC4600665219 /* Logo80.png */; };
		3BCDBEFD18FDAC4600665219 /* Logo120.png in Resources */ = {isa = PBXBuildFile; fileRef = 3BCDBEF718FDAC4600665219 /* Logo120.png */; };
		3BCDBEFE18FDAC4600665219 /* LOGO1024.png in Resources */ = {isa = PBXBuildFile; fileRef = 3BCDBEF818FDAC4600665219 /* LOGO1024.png */; };
		3BDDC57D18DA2DA4005CAE08 /* Foundation.framework in Frameworks */ = {isa = PBXBuildFile; fileRef = 3BDDC57C18DA2DA4005CAE08 /* Foundation.framework */; };
		3BDDC57F18DA2DA5005CAE08 /* CoreGraphics.framework in Frameworks */ = {isa = PBXBuildFile; fileRef = 3BDDC57E18DA2DA5005CAE08 /* CoreGraphics.framework */; };
		3BDDC58118DA2DA5005CAE08 /* UIKit.framework in Frameworks */ = {isa = PBXBuildFile; fileRef = 3BDDC58018DA2DA5005CAE08 /* UIKit.framework */; };
		3BDDC58718DA2DA5005CAE08 /* InfoPlist.strings in Resources */ = {isa = PBXBuildFile; fileRef = 3BDDC58518DA2DA5005CAE08 /* InfoPlist.strings */; };
		3BDDC58918DA2DA5005CAE08 /* main.m in Sources */ = {isa = PBXBuildFile; fileRef = 3BDDC58818DA2DA5005CAE08 /* main.m */; };
		3BDDC58D18DA2DA5005CAE08 /* AppDelegate.m in Sources */ = {isa = PBXBuildFile; fileRef = 3BDDC58C18DA2DA5005CAE08 /* AppDelegate.m */; };
		3BDDC59018DA2DA5005CAE08 /* Main.storyboard in Resources */ = {isa = PBXBuildFile; fileRef = 3BDDC58E18DA2DA5005CAE08 /* Main.storyboard */; };
		3BDDC59518DA2DA5005CAE08 /* Images.xcassets in Resources */ = {isa = PBXBuildFile; fileRef = 3BDDC59418DA2DA5005CAE08 /* Images.xcassets */; };
		3BDDC59C18DA2DA5005CAE08 /* XCTest.framework in Frameworks */ = {isa = PBXBuildFile; fileRef = 3BDDC59B18DA2DA5005CAE08 /* XCTest.framework */; };
		3BDDC59D18DA2DA5005CAE08 /* Foundation.framework in Frameworks */ = {isa = PBXBuildFile; fileRef = 3BDDC57C18DA2DA4005CAE08 /* Foundation.framework */; };
		3BDDC59E18DA2DA5005CAE08 /* UIKit.framework in Frameworks */ = {isa = PBXBuildFile; fileRef = 3BDDC58018DA2DA5005CAE08 /* UIKit.framework */; };
		3BDDC5A618DA2DA5005CAE08 /* InfoPlist.strings in Resources */ = {isa = PBXBuildFile; fileRef = 3BDDC5A418DA2DA5005CAE08 /* InfoPlist.strings */; };
		3BDDC5A818DA2DA5005CAE08 /* VoteMart_v1Tests.m in Sources */ = {isa = PBXBuildFile; fileRef = 3BDDC5A718DA2DA5005CAE08 /* VoteMart_v1Tests.m */; };
		3BDDC5C518DA2DFD005CAE08 /* AFHTTPRequestOperation.m in Sources */ = {isa = PBXBuildFile; fileRef = 3BDDC5B318DA2DFC005CAE08 /* AFHTTPRequestOperation.m */; };
		3BDDC5C618DA2DFD005CAE08 /* AFHTTPRequestOperationManager.m in Sources */ = {isa = PBXBuildFile; fileRef = 3BDDC5B518DA2DFC005CAE08 /* AFHTTPRequestOperationManager.m */; };
		3BDDC5C718DA2DFD005CAE08 /* AFHTTPSessionManager.m in Sources */ = {isa = PBXBuildFile; fileRef = 3BDDC5B718DA2DFC005CAE08 /* AFHTTPSessionManager.m */; };
		3BDDC5C818DA2DFD005CAE08 /* AFNetworkReachabilityManager.m in Sources */ = {isa = PBXBuildFile; fileRef = 3BDDC5BA18DA2DFC005CAE08 /* AFNetworkReachabilityManager.m */; };
		3BDDC5C918DA2DFD005CAE08 /* AFSecurityPolicy.m in Sources */ = {isa = PBXBuildFile; fileRef = 3BDDC5BC18DA2DFC005CAE08 /* AFSecurityPolicy.m */; };
		3BDDC5CA18DA2DFD005CAE08 /* AFURLConnectionOperation.m in Sources */ = {isa = PBXBuildFile; fileRef = 3BDDC5BE18DA2DFC005CAE08 /* AFURLConnectionOperation.m */; };
		3BDDC5CB18DA2DFD005CAE08 /* AFURLRequestSerialization.m in Sources */ = {isa = PBXBuildFile; fileRef = 3BDDC5C018DA2DFC005CAE08 /* AFURLRequestSerialization.m */; };
		3BDDC5CC18DA2DFD005CAE08 /* AFURLResponseSerialization.m in Sources */ = {isa = PBXBuildFile; fileRef = 3BDDC5C218DA2DFD005CAE08 /* AFURLResponseSerialization.m */; };
		3BDDC5CD18DA2DFD005CAE08 /* AFURLSessionManager.m in Sources */ = {isa = PBXBuildFile; fileRef = 3BDDC5C418DA2DFD005CAE08 /* AFURLSessionManager.m */; };
		3BDDC5E018DA2E12005CAE08 /* AFNetworkActivityIndicatorManager.m in Sources */ = {isa = PBXBuildFile; fileRef = 3BDDC5D018DA2E12005CAE08 /* AFNetworkActivityIndicatorManager.m */; };
		3BDDC5E118DA2E12005CAE08 /* UIActivityIndicatorView+AFNetworking.m in Sources */ = {isa = PBXBuildFile; fileRef = 3BDDC5D218DA2E12005CAE08 /* UIActivityIndicatorView+AFNetworking.m */; };
		3BDDC5E218DA2E12005CAE08 /* UIAlertView+AFNetworking.m in Sources */ = {isa = PBXBuildFile; fileRef = 3BDDC5D418DA2E12005CAE08 /* UIAlertView+AFNetworking.m */; };
		3BDDC5E318DA2E12005CAE08 /* UIButton+AFNetworking.m in Sources */ = {isa = PBXBuildFile; fileRef = 3BDDC5D618DA2E12005CAE08 /* UIButton+AFNetworking.m */; };
		3BDDC5E418DA2E12005CAE08 /* UIImageView+AFNetworking.m in Sources */ = {isa = PBXBuildFile; fileRef = 3BDDC5D818DA2E12005CAE08 /* UIImageView+AFNetworking.m */; };
		3BDDC5E518DA2E12005CAE08 /* UIProgressView+AFNetworking.m in Sources */ = {isa = PBXBuildFile; fileRef = 3BDDC5DB18DA2E12005CAE08 /* UIProgressView+AFNetworking.m */; };
		3BDDC5E618DA2E12005CAE08 /* UIRefreshControl+AFNetworking.m in Sources */ = {isa = PBXBuildFile; fileRef = 3BDDC5DD18DA2E12005CAE08 /* UIRefreshControl+AFNetworking.m */; };
		3BDDC5E718DA2E12005CAE08 /* UIWebView+AFNetworking.m in Sources */ = {isa = PBXBuildFile; fileRef = 3BDDC5DF18DA2E12005CAE08 /* UIWebView+AFNetworking.m */; };
		3BDDC5EA18DA2E5E005CAE08 /* RssFeedTableViewController.m in Sources */ = {isa = PBXBuildFile; fileRef = 3BDDC5E918DA2E5E005CAE08 /* RssFeedTableViewController.m */; };
		3BDDC5ED18DA2E89005CAE08 /* RssCell.m in Sources */ = {isa = PBXBuildFile; fileRef = 3BDDC5EC18DA2E89005CAE08 /* RssCell.m */; };
/* End PBXBuildFile section */

/* Begin PBXContainerItemProxy section */
		3BDDC59F18DA2DA5005CAE08 /* PBXContainerItemProxy */ = {
			isa = PBXContainerItemProxy;
			containerPortal = 3BDDC57118DA2DA4005CAE08 /* Project object */;
			proxyType = 1;
			remoteGlobalIDString = 3BDDC57818DA2DA4005CAE08;
			remoteInfo = VoteMart_v1;
		};
/* End PBXContainerItemProxy section */

/* Begin PBXFileReference section */
		3B2EEEC918F2EF1800BCCE06 /* MyManager.h */ = {isa = PBXFileReference; fileEncoding = 4; lastKnownFileType = sourcecode.c.h; path = MyManager.h; sourceTree = "<group>"; };
		3B2EEECA18F2EF1900BCCE06 /* MyManager.m */ = {isa = PBXFileReference; fileEncoding = 4; lastKnownFileType = sourcecode.c.objc; path = MyManager.m; sourceTree = "<group>"; };
		3B2EEECD18F5ADB300BCCE06 /* ZipScreenViewController.h */ = {isa = PBXFileReference; fileEncoding = 4; lastKnownFileType = sourcecode.c.h; name = ZipScreenViewController.h; path = ../ZipScreenViewController.h; sourceTree = "<group>"; };
		3B2EEECE18F5ADB300BCCE06 /* ZipScreenViewController.m */ = {isa = PBXFileReference; fileEncoding = 4; lastKnownFileType = sourcecode.c.objc; name = ZipScreenViewController.m; path = ../ZipScreenViewController.m; sourceTree = "<group>"; };
		3B5B639318E1CAE60019E348 /* NSDate+InternetDateTime.h */ = {isa = PBXFileReference; fileEncoding = 4; lastKnownFileType = sourcecode.c.h; path = "NSDate+InternetDateTime.h"; sourceTree = "<group>"; };
		3B5B639418E1CAE60019E348 /* NSDate+InternetDateTime.m */ = {isa = PBXFileReference; fileEncoding = 4; lastKnownFileType = sourcecode.c.objc; path = "NSDate+InternetDateTime.m"; sourceTree = "<group>"; };
		3B5B639618E1DBD50019E348 /* RssDetailViewController.h */ = {isa = PBXFileReference; fileEncoding = 4; lastKnownFileType = sourcecode.c.h; path = RssDetailViewController.h; sourceTree = "<group>"; };
		3B5B639718E1DBD50019E348 /* RssDetailViewController.m */ = {isa = PBXFileReference; fileEncoding = 4; lastKnownFileType = sourcecode.c.objc; path = RssDetailViewController.m; sourceTree = "<group>"; };
		3B7BDB5218E88BF80084A7B7 /* CustomTableViewController.h */ = {isa = PBXFileReference; fileEncoding = 4; lastKnownFileType = sourcecode.c.h; path = CustomTableViewController.h; sourceTree = "<group>"; };
		3B7BDB5318E88BF80084A7B7 /* CustomTableViewController.m */ = {isa = PBXFileReference; fileEncoding = 4; lastKnownFileType = sourcecode.c.objc; path = CustomTableViewController.m; sourceTree = "<group>"; };
		3B7BDB5418E88BF80084A7B7 /* CustonCell.h */ = {isa = PBXFileReference; fileEncoding = 4; lastKnownFileType = sourcecode.c.h; path = CustonCell.h; sourceTree = "<group>"; };
		3B7BDB5518E88BF80084A7B7 /* CustonCell.m */ = {isa = PBXFileReference; fileEncoding = 4; lastKnownFileType = sourcecode.c.objc; path = CustonCell.m; sourceTree = "<group>"; };
		3B7BDB8118E88D050084A7B7 /* CandidateListViewController.h */ = {isa = PBXFileReference; fileEncoding = 4; lastKnownFileType = sourcecode.c.h; path = CandidateListViewController.h; sourceTree = "<group>"; };
		3B7BDB8218E88D050084A7B7 /* CandidateListViewController.m */ = {isa = PBXFileReference; fileEncoding = 4; lastKnownFileType = sourcecode.c.objc; path = CandidateListViewController.m; sourceTree = "<group>"; };
		3B7BDB8318E88D050084A7B7 /* CandidateCell.h */ = {isa = PBXFileReference; fileEncoding = 4; lastKnownFileType = sourcecode.c.h; path = CandidateCell.h; sourceTree = "<group>"; };
		3B7BDB8418E88D050084A7B7 /* CandidateCell.m */ = {isa = PBXFileReference; fileEncoding = 4; lastKnownFileType = sourcecode.c.objc; path = CandidateCell.m; sourceTree = "<group>"; };
		3B7BDB8718E88DA90084A7B7 /* CandidateViewController.h */ = {isa = PBXFileReference; fileEncoding = 4; lastKnownFileType = sourcecode.c.h; path = CandidateViewController.h; sourceTree = "<group>"; };
		3B7BDB8818E88DA90084A7B7 /* CandidateViewController.m */ = {isa = PBXFileReference; fileEncoding = 4; lastKnownFileType = sourcecode.c.objc; path = CandidateViewController.m; sourceTree = "<group>"; };
		3B7BDB8B18EB79670084A7B7 /* OFL.txt */ = {isa = PBXFileReference; fileEncoding = 4; lastKnownFileType = text; path = OFL.txt; sourceTree = "<group>"; };
		3B7BDB8C18EB79680084A7B7 /* PT_Sans-Web-Bold.ttf */ = {isa = PBXFileReference; lastKnownFileType = file; path = "PT_Sans-Web-Bold.ttf"; sourceTree = "<group>"; };
		3B7BDB8D18EB79680084A7B7 /* PT_Sans-Web-BoldItalic.ttf */ = {isa = PBXFileReference; lastKnownFileType = file; path = "PT_Sans-Web-BoldItalic.ttf"; sourceTree = "<group>"; };
		3B7BDB8E18EB79680084A7B7 /* PT_Sans-Web-Italic.ttf */ = {isa = PBXFileReference; lastKnownFileType = file; path = "PT_Sans-Web-Italic.ttf"; sourceTree = "<group>"; };
		3B7BDB8F18EB79680084A7B7 /* PT_Sans-Web-Regular.ttf */ = {isa = PBXFileReference; lastKnownFileType = file; path = "PT_Sans-Web-Regular.ttf"; sourceTree = "<group>"; };
		3B9A6BE618EEFC5500E0CF60 /* SWRevealViewController.h */ = {isa = PBXFileReference; fileEncoding = 4; lastKnownFileType = sourcecode.c.h; path = SWRevealViewController.h; sourceTree = "<group>"; };
		3B9A6BE718EEFC5500E0CF60 /* SWRevealViewController.m */ = {isa = PBXFileReference; fileEncoding = 4; lastKnownFileType = sourcecode.c.objc; path = SWRevealViewController.m; sourceTree = "<group>"; };
		3B9A6BE918EF049800E0CF60 /* SideBarViewController.h */ = {isa = PBXFileReference; fileEncoding = 4; lastKnownFileType = sourcecode.c.h; path = SideBarViewController.h; sourceTree = "<group>"; };
		3B9A6BEA18EF049800E0CF60 /* SideBarViewController.m */ = {isa = PBXFileReference; fileEncoding = 4; lastKnownFileType = sourcecode.c.objc; path = SideBarViewController.m; sourceTree = "<group>"; };
		3B9A6BEC18F06B3400E0CF60 /* PageContentViewController.h */ = {isa = PBXFileReference; fileEncoding = 4; lastKnownFileType = sourcecode.c.h; path = PageContentViewController.h; sourceTree = "<group>"; };
		3B9A6BED18F06B3500E0CF60 /* PageContentViewController.m */ = {isa = PBXFileReference; fileEncoding = 4; lastKnownFileType = sourcecode.c.objc; path = PageContentViewController.m; sourceTree = "<group>"; };
		3B9A6BEF18F06CF100E0CF60 /* QuizViewController.h */ = {isa = PBXFileReference; fileEncoding = 4; lastKnownFileType = sourcecode.c.h; path = QuizViewController.h; sourceTree = "<group>"; };
		3B9A6BF018F06CF100E0CF60 /* QuizViewController.m */ = {isa = PBXFileReference; fileEncoding = 4; lastKnownFileType = sourcecode.c.objc; path = QuizViewController.m; sourceTree = "<group>"; };
		3BCDBEDE18F998BC00665219 /* intELECTFinalLogo.png */ = {isa = PBXFileReference; lastKnownFileType = image.png; path = intELECTFinalLogo.png; sourceTree = "<group>"; };
		3BCDBEDF18F998BC00665219 /* intELECTFinalLogo.psd */ = {isa = PBXFileReference; lastKnownFileType = file; path = intELECTFinalLogo.psd; sourceTree = "<group>"; };
		3BCDBEE018F998BD00665219 /* NavBar.png */ = {isa = PBXFileReference; lastKnownFileType = image.png; path = NavBar.png; sourceTree = "<group>"; };
		3BCDBEE118F998BD00665219 /* United_States_Capitol_-_west_front.jpg */ = {isa = PBXFileReference; lastKnownFileType = image.jpeg; path = "United_States_Capitol_-_west_front.jpg"; sourceTree = "<group>"; };
		3BCDBEEC18FD93B400665219 /* RegistrationViewController.h */ = {isa = PBXFileReference; fileEncoding = 4; lastKnownFileType = sourcecode.c.h; path = RegistrationViewController.h; sourceTree = "<group>"; };
		3BCDBEED18FD93B400665219 /* RegistrationViewController.m */ = {isa = PBXFileReference; fileEncoding = 4; lastKnownFileType = sourcecode.c.objc; path = RegistrationViewController.m; sourceTree = "<group>"; };
		3BCDBEEF18FD93D100665219 /* WebViewController.h */ = {isa = PBXFileReference; fileEncoding = 4; lastKnownFileType = sourcecode.c.h; path = WebViewController.h; sourceTree = "<group>"; };
		3BCDBEF018FD93D100665219 /* WebViewController.m */ = {isa = PBXFileReference; fileEncoding = 4; lastKnownFileType = sourcecode.c.objc; path = WebViewController.m; sourceTree = "<group>"; };
		3BCDBEF318FDAC4600665219 /* intELECTSplash640x960.png */ = {isa = PBXFileReference; lastKnownFileType = image.png; path = intELECTSplash640x960.png; sourceTree = "<group>"; };
		3BCDBEF418FDAC4600665219 /* intELECTSplash640x1136.png */ = {isa = PBXFileReference; lastKnownFileType = image.png; path = intELECTSplash640x1136.png; sourceTree = "<group>"; };
		3BCDBEF518FDAC4600665219 /* Logo58.png */ = {isa = PBXFileReference; lastKnownFileType = image.png; path = Logo58.png; sourceTree = "<group>"; };
		3BCDBEF618FDAC4600665219 /* Logo80.png */ = {isa = PBXFileReference; lastKnownFileType = image.png; path = Logo80.png; sourceTree = "<group>"; };
		3BCDBEF718FDAC4600665219 /* Logo120.png */ = {isa = PBXFileReference; lastKnownFileType = image.png; path = Logo120.png; sourceTree = "<group>"; };
		3BCDBEF818FDAC4600665219 /* LOGO1024.png */ = {isa = PBXFileReference; lastKnownFileType = image.png; path = LOGO1024.png; sourceTree = "<group>"; };
		3BDDC57918DA2DA4005CAE08 /* Intelect.app */ = {isa = PBXFileReference; explicitFileType = wrapper.application; includeInIndex = 0; path = Intelect.app; sourceTree = BUILT_PRODUCTS_DIR; };
		3BDDC57C18DA2DA4005CAE08 /* Foundation.framework */ = {isa = PBXFileReference; lastKnownFileType = wrapper.framework; name = Foundation.framework; path = System/Library/Frameworks/Foundation.framework; sourceTree = SDKROOT; };
		3BDDC57E18DA2DA5005CAE08 /* CoreGraphics.framework */ = {isa = PBXFileReference; lastKnownFileType = wrapper.framework; name = CoreGraphics.framework; path = System/Library/Frameworks/CoreGraphics.framework; sourceTree = SDKROOT; };
		3BDDC58018DA2DA5005CAE08 /* UIKit.framework */ = {isa = PBXFileReference; lastKnownFileType = wrapper.framework; name = UIKit.framework; path = System/Library/Frameworks/UIKit.framework; sourceTree = SDKROOT; };
		3BDDC58418DA2DA5005CAE08 /* Intelect-Info.plist */ = {isa = PBXFileReference; lastKnownFileType = text.plist.xml; path = "Intelect-Info.plist"; sourceTree = "<group>"; };
		3BDDC58618DA2DA5005CAE08 /* en */ = {isa = PBXFileReference; lastKnownFileType = text.plist.strings; name = en; path = en.lproj/InfoPlist.strings; sourceTree = "<group>"; };
		3BDDC58818DA2DA5005CAE08 /* main.m */ = {isa = PBXFileReference; lastKnownFileType = sourcecode.c.objc; path = main.m; sourceTree = "<group>"; };
		3BDDC58A18DA2DA5005CAE08 /* Intelect-Prefix.pch */ = {isa = PBXFileReference; lastKnownFileType = sourcecode.c.h; path = "Intelect-Prefix.pch"; sourceTree = "<group>"; };
		3BDDC58B18DA2DA5005CAE08 /* AppDelegate.h */ = {isa = PBXFileReference; lastKnownFileType = sourcecode.c.h; path = AppDelegate.h; sourceTree = "<group>"; };
		3BDDC58C18DA2DA5005CAE08 /* AppDelegate.m */ = {isa = PBXFileReference; lastKnownFileType = sourcecode.c.objc; path = AppDelegate.m; sourceTree = "<group>"; };
		3BDDC58F18DA2DA5005CAE08 /* Base */ = {isa = PBXFileReference; lastKnownFileType = file.storyboard; name = Base; path = Base.lproj/Main.storyboard; sourceTree = "<group>"; };
		3BDDC59418DA2DA5005CAE08 /* Images.xcassets */ = {isa = PBXFileReference; lastKnownFileType = folder.assetcatalog; path = Images.xcassets; sourceTree = "<group>"; };
		3BDDC59A18DA2DA5005CAE08 /* IntelectTests.xctest */ = {isa = PBXFileReference; explicitFileType = wrapper.cfbundle; includeInIndex = 0; path = IntelectTests.xctest; sourceTree = BUILT_PRODUCTS_DIR; };
		3BDDC59B18DA2DA5005CAE08 /* XCTest.framework */ = {isa = PBXFileReference; lastKnownFileType = wrapper.framework; name = XCTest.framework; path = Library/Frameworks/XCTest.framework; sourceTree = DEVELOPER_DIR; };
		3BDDC5A318DA2DA5005CAE08 /* IntelectTests-Info.plist */ = {isa = PBXFileReference; lastKnownFileType = text.plist.xml; path = "IntelectTests-Info.plist"; sourceTree = "<group>"; };
		3BDDC5A518DA2DA5005CAE08 /* en */ = {isa = PBXFileReference; lastKnownFileType = text.plist.strings; name = en; path = en.lproj/InfoPlist.strings; sourceTree = "<group>"; };
		3BDDC5A718DA2DA5005CAE08 /* VoteMart_v1Tests.m */ = {isa = PBXFileReference; lastKnownFileType = sourcecode.c.objc; path = VoteMart_v1Tests.m; sourceTree = "<group>"; };
		3BDDC5B218DA2DFC005CAE08 /* AFHTTPRequestOperation.h */ = {isa = PBXFileReference; fileEncoding = 4; lastKnownFileType = sourcecode.c.h; path = AFHTTPRequestOperation.h; sourceTree = "<group>"; };
		3BDDC5B318DA2DFC005CAE08 /* AFHTTPRequestOperation.m */ = {isa = PBXFileReference; fileEncoding = 4; lastKnownFileType = sourcecode.c.objc; path = AFHTTPRequestOperation.m; sourceTree = "<group>"; };
		3BDDC5B418DA2DFC005CAE08 /* AFHTTPRequestOperationManager.h */ = {isa = PBXFileReference; fileEncoding = 4; lastKnownFileType = sourcecode.c.h; path = AFHTTPRequestOperationManager.h; sourceTree = "<group>"; };
		3BDDC5B518DA2DFC005CAE08 /* AFHTTPRequestOperationManager.m */ = {isa = PBXFileReference; fileEncoding = 4; lastKnownFileType = sourcecode.c.objc; path = AFHTTPRequestOperationManager.m; sourceTree = "<group>"; };
		3BDDC5B618DA2DFC005CAE08 /* AFHTTPSessionManager.h */ = {isa = PBXFileReference; fileEncoding = 4; lastKnownFileType = sourcecode.c.h; path = AFHTTPSessionManager.h; sourceTree = "<group>"; };
		3BDDC5B718DA2DFC005CAE08 /* AFHTTPSessionManager.m */ = {isa = PBXFileReference; fileEncoding = 4; lastKnownFileType = sourcecode.c.objc; path = AFHTTPSessionManager.m; sourceTree = "<group>"; };
		3BDDC5B818DA2DFC005CAE08 /* AFNetworking.h */ = {isa = PBXFileReference; fileEncoding = 4; lastKnownFileType = sourcecode.c.h; path = AFNetworking.h; sourceTree = "<group>"; };
		3BDDC5B918DA2DFC005CAE08 /* AFNetworkReachabilityManager.h */ = {isa = PBXFileReference; fileEncoding = 4; lastKnownFileType = sourcecode.c.h; path = AFNetworkReachabilityManager.h; sourceTree = "<group>"; };
		3BDDC5BA18DA2DFC005CAE08 /* AFNetworkReachabilityManager.m */ = {isa = PBXFileReference; fileEncoding = 4; lastKnownFileType = sourcecode.c.objc; path = AFNetworkReachabilityManager.m; sourceTree = "<group>"; };
		3BDDC5BB18DA2DFC005CAE08 /* AFSecurityPolicy.h */ = {isa = PBXFileReference; fileEncoding = 4; lastKnownFileType = sourcecode.c.h; path = AFSecurityPolicy.h; sourceTree = "<group>"; };
		3BDDC5BC18DA2DFC005CAE08 /* AFSecurityPolicy.m */ = {isa = PBXFileReference; fileEncoding = 4; lastKnownFileType = sourcecode.c.objc; path = AFSecurityPolicy.m; sourceTree = "<group>"; };
		3BDDC5BD18DA2DFC005CAE08 /* AFURLConnectionOperation.h */ = {isa = PBXFileReference; fileEncoding = 4; lastKnownFileType = sourcecode.c.h; path = AFURLConnectionOperation.h; sourceTree = "<group>"; };
		3BDDC5BE18DA2DFC005CAE08 /* AFURLConnectionOperation.m */ = {isa = PBXFileReference; fileEncoding = 4; lastKnownFileType = sourcecode.c.objc; path = AFURLConnectionOperation.m; sourceTree = "<group>"; };
		3BDDC5BF18DA2DFC005CAE08 /* AFURLRequestSerialization.h */ = {isa = PBXFileReference; fileEncoding = 4; lastKnownFileType = sourcecode.c.h; path = AFURLRequestSerialization.h; sourceTree = "<group>"; };
		3BDDC5C018DA2DFC005CAE08 /* AFURLRequestSerialization.m */ = {isa = PBXFileReference; fileEncoding = 4; lastKnownFileType = sourcecode.c.objc; path = AFURLRequestSerialization.m; sourceTree = "<group>"; };
		3BDDC5C118DA2DFD005CAE08 /* AFURLResponseSerialization.h */ = {isa = PBXFileReference; fileEncoding = 4; lastKnownFileType = sourcecode.c.h; path = AFURLResponseSerialization.h; sourceTree = "<group>"; };
		3BDDC5C218DA2DFD005CAE08 /* AFURLResponseSerialization.m */ = {isa = PBXFileReference; fileEncoding = 4; lastKnownFileType = sourcecode.c.objc; path = AFURLResponseSerialization.m; sourceTree = "<group>"; };
		3BDDC5C318DA2DFD005CAE08 /* AFURLSessionManager.h */ = {isa = PBXFileReference; fileEncoding = 4; lastKnownFileType = sourcecode.c.h; path = AFURLSessionManager.h; sourceTree = "<group>"; };
		3BDDC5C418DA2DFD005CAE08 /* AFURLSessionManager.m */ = {isa = PBXFileReference; fileEncoding = 4; lastKnownFileType = sourcecode.c.objc; path = AFURLSessionManager.m; sourceTree = "<group>"; };
		3BDDC5CF18DA2E12005CAE08 /* AFNetworkActivityIndicatorManager.h */ = {isa = PBXFileReference; fileEncoding = 4; lastKnownFileType = sourcecode.c.h; path = AFNetworkActivityIndicatorManager.h; sourceTree = "<group>"; };
		3BDDC5D018DA2E12005CAE08 /* AFNetworkActivityIndicatorManager.m */ = {isa = PBXFileReference; fileEncoding = 4; lastKnownFileType = sourcecode.c.objc; path = AFNetworkActivityIndicatorManager.m; sourceTree = "<group>"; };
		3BDDC5D118DA2E12005CAE08 /* UIActivityIndicatorView+AFNetworking.h */ = {isa = PBXFileReference; fileEncoding = 4; lastKnownFileType = sourcecode.c.h; path = "UIActivityIndicatorView+AFNetworking.h"; sourceTree = "<group>"; };
		3BDDC5D218DA2E12005CAE08 /* UIActivityIndicatorView+AFNetworking.m */ = {isa = PBXFileReference; fileEncoding = 4; lastKnownFileType = sourcecode.c.objc; path = "UIActivityIndicatorView+AFNetworking.m"; sourceTree = "<group>"; };
		3BDDC5D318DA2E12005CAE08 /* UIAlertView+AFNetworking.h */ = {isa = PBXFileReference; fileEncoding = 4; lastKnownFileType = sourcecode.c.h; path = "UIAlertView+AFNetworking.h"; sourceTree = "<group>"; };
		3BDDC5D418DA2E12005CAE08 /* UIAlertView+AFNetworking.m */ = {isa = PBXFileReference; fileEncoding = 4; lastKnownFileType = sourcecode.c.objc; path = "UIAlertView+AFNetworking.m"; sourceTree = "<group>"; };
		3BDDC5D518DA2E12005CAE08 /* UIButton+AFNetworking.h */ = {isa = PBXFileReference; fileEncoding = 4; lastKnownFileType = sourcecode.c.h; path = "UIButton+AFNetworking.h"; sourceTree = "<group>"; };
		3BDDC5D618DA2E12005CAE08 /* UIButton+AFNetworking.m */ = {isa = PBXFileReference; fileEncoding = 4; lastKnownFileType = sourcecode.c.objc; path = "UIButton+AFNetworking.m"; sourceTree = "<group>"; };
		3BDDC5D718DA2E12005CAE08 /* UIImageView+AFNetworking.h */ = {isa = PBXFileReference; fileEncoding = 4; lastKnownFileType = sourcecode.c.h; path = "UIImageView+AFNetworking.h"; sourceTree = "<group>"; };
		3BDDC5D818DA2E12005CAE08 /* UIImageView+AFNetworking.m */ = {isa = PBXFileReference; fileEncoding = 4; lastKnownFileType = sourcecode.c.objc; path = "UIImageView+AFNetworking.m"; sourceTree = "<group>"; };
		3BDDC5D918DA2E12005CAE08 /* UIKit+AFNetworking.h */ = {isa = PBXFileReference; fileEncoding = 4; lastKnownFileType = sourcecode.c.h; path = "UIKit+AFNetworking.h"; sourceTree = "<group>"; };
		3BDDC5DA18DA2E12005CAE08 /* UIProgressView+AFNetworking.h */ = {isa = PBXFileReference; fileEncoding = 4; lastKnownFileType = sourcecode.c.h; path = "UIProgressView+AFNetworking.h"; sourceTree = "<group>"; };
		3BDDC5DB18DA2E12005CAE08 /* UIProgressView+AFNetworking.m */ = {isa = PBXFileReference; fileEncoding = 4; lastKnownFileType = sourcecode.c.objc; path = "UIProgressView+AFNetworking.m"; sourceTree = "<group>"; };
		3BDDC5DC18DA2E12005CAE08 /* UIRefreshControl+AFNetworking.h */ = {isa = PBXFileReference; fileEncoding = 4; lastKnownFileType = sourcecode.c.h; path = "UIRefreshControl+AFNetworking.h"; sourceTree = "<group>"; };
		3BDDC5DD18DA2E12005CAE08 /* UIRefreshControl+AFNetworking.m */ = {isa = PBXFileReference; fileEncoding = 4; lastKnownFileType = sourcecode.c.objc; path = "UIRefreshControl+AFNetworking.m"; sourceTree = "<group>"; };
		3BDDC5DE18DA2E12005CAE08 /* UIWebView+AFNetworking.h */ = {isa = PBXFileReference; fileEncoding = 4; lastKnownFileType = sourcecode.c.h; path = "UIWebView+AFNetworking.h"; sourceTree = "<group>"; };
		3BDDC5DF18DA2E12005CAE08 /* UIWebView+AFNetworking.m */ = {isa = PBXFileReference; fileEncoding = 4; lastKnownFileType = sourcecode.c.objc; path = "UIWebView+AFNetworking.m"; sourceTree = "<group>"; };
		3BDDC5E818DA2E5E005CAE08 /* RssFeedTableViewController.h */ = {isa = PBXFileReference; fileEncoding = 4; lastKnownFileType = sourcecode.c.h; path = RssFeedTableViewController.h; sourceTree = "<group>"; };
		3BDDC5E918DA2E5E005CAE08 /* RssFeedTableViewController.m */ = {isa = PBXFileReference; fileEncoding = 4; lastKnownFileType = sourcecode.c.objc; path = RssFeedTableViewController.m; sourceTree = "<group>"; };
		3BDDC5EB18DA2E89005CAE08 /* RssCell.h */ = {isa = PBXFileReference; fileEncoding = 4; lastKnownFileType = sourcecode.c.h; path = RssCell.h; sourceTree = "<group>"; };
		3BDDC5EC18DA2E89005CAE08 /* RssCell.m */ = {isa = PBXFileReference; fileEncoding = 4; lastKnownFileType = sourcecode.c.objc; path = RssCell.m; sourceTree = "<group>"; };
/* End PBXFileReference section */

/* Begin PBXFrameworksBuildPhase section */
		3BDDC57618DA2DA4005CAE08 /* Frameworks */ = {
			isa = PBXFrameworksBuildPhase;
			buildActionMask = 2147483647;
			files = (
				3BDDC57F18DA2DA5005CAE08 /* CoreGraphics.framework in Frameworks */,
				3BDDC58118DA2DA5005CAE08 /* UIKit.framework in Frameworks */,
				3BDDC57D18DA2DA4005CAE08 /* Foundation.framework in Frameworks */,
			);
			runOnlyForDeploymentPostprocessing = 0;
		};
		3BDDC59718DA2DA5005CAE08 /* Frameworks */ = {
			isa = PBXFrameworksBuildPhase;
			buildActionMask = 2147483647;
			files = (
				3BDDC59C18DA2DA5005CAE08 /* XCTest.framework in Frameworks */,
				3BDDC59E18DA2DA5005CAE08 /* UIKit.framework in Frameworks */,
				3BDDC59D18DA2DA5005CAE08 /* Foundation.framework in Frameworks */,
			);
			runOnlyForDeploymentPostprocessing = 0;
		};
/* End PBXFrameworksBuildPhase section */

/* Begin PBXGroup section */
		3B2EEECC18F5AD7900BCCE06 /* Quiz */ = {
			isa = PBXGroup;
			children = (
				3B9A6BEC18F06B3400E0CF60 /* PageContentViewController.h */,
				3B9A6BED18F06B3500E0CF60 /* PageContentViewController.m */,
				3B9A6BEF18F06CF100E0CF60 /* QuizViewController.h */,
				3B9A6BF018F06CF100E0CF60 /* QuizViewController.m */,
			);
			name = Quiz;
			sourceTree = "<group>";
		};
		3B2EEED018F5B14A00BCCE06 /* Zip Screen */ = {
			isa = PBXGroup;
			children = (
				3B2EEECD18F5ADB300BCCE06 /* ZipScreenViewController.h */,
				3B2EEECE18F5ADB300BCCE06 /* ZipScreenViewController.m */,
			);
			name = "Zip Screen";
			sourceTree = "<group>";
		};
		3B7BDB8A18EB78BD0084A7B7 /* Resources */ = {
			isa = PBXGroup;
			children = (
				3BCDBEF218FDAC0500665219 /* icons */,
				3BCDBEDE18F998BC00665219 /* intELECTFinalLogo.png */,
				3BCDBEDF18F998BC00665219 /* intELECTFinalLogo.psd */,
				3BCDBEE018F998BD00665219 /* NavBar.png */,
				3BCDBEE118F998BD00665219 /* United_States_Capitol_-_west_front.jpg */,
				3B7BDB8B18EB79670084A7B7 /* OFL.txt */,
				3B7BDB8C18EB79680084A7B7 /* PT_Sans-Web-Bold.ttf */,
				3B7BDB8D18EB79680084A7B7 /* PT_Sans-Web-BoldItalic.ttf */,
				3B7BDB8E18EB79680084A7B7 /* PT_Sans-Web-Italic.ttf */,
				3B7BDB8F18EB79680084A7B7 /* PT_Sans-Web-Regular.ttf */,
			);
			name = Resources;
			sourceTree = "<group>";
		};
		3B9A6BE518EEFC5500E0CF60 /* SWRevealViewController */ = {
			isa = PBXGroup;
			children = (
				3B9A6BE618EEFC5500E0CF60 /* SWRevealViewController.h */,
				3B9A6BE718EEFC5500E0CF60 /* SWRevealViewController.m */,
			);
			path = SWRevealViewController;
			sourceTree = "<group>";
		};
		3BCDBEE618F9B1E800665219 /* RSS */ = {
			isa = PBXGroup;
			children = (
				3B5B639618E1DBD50019E348 /* RssDetailViewController.h */,
				3B5B639718E1DBD50019E348 /* RssDetailViewController.m */,
				3BDDC5EB18DA2E89005CAE08 /* RssCell.h */,
				3BDDC5EC18DA2E89005CAE08 /* RssCell.m */,
				3BDDC5E818DA2E5E005CAE08 /* RssFeedTableViewController.h */,
				3BDDC5E918DA2E5E005CAE08 /* RssFeedTableViewController.m */,
			);
			name = RSS;
			sourceTree = "<group>";
		};
		3BCDBEE718F9B20F00665219 /* Candidates */ = {
			isa = PBXGroup;
			children = (
				3B7BDB5218E88BF80084A7B7 /* CustomTableViewController.h */,
				3B7BDB5318E88BF80084A7B7 /* CustomTableViewController.m */,
				3B7BDB5418E88BF80084A7B7 /* CustonCell.h */,
				3B7BDB5518E88BF80084A7B7 /* CustonCell.m */,
				3B7BDB8118E88D050084A7B7 /* CandidateListViewController.h */,
				3B7BDB8218E88D050084A7B7 /* CandidateListViewController.m */,
				3B7BDB8318E88D050084A7B7 /* CandidateCell.h */,
				3B7BDB8418E88D050084A7B7 /* CandidateCell.m */,
				3B7BDB8718E88DA90084A7B7 /* CandidateViewController.h */,
				3B7BDB8818E88DA90084A7B7 /* CandidateViewController.m */,
			);
			name = Candidates;
			sourceTree = "<group>";
		};
		3BCDBEE818FD936B00665219 /* Sub Categories */ = {
			isa = PBXGroup;
			children = (
				3BCDBEEC18FD93B400665219 /* RegistrationViewController.h */,
				3BCDBEED18FD93B400665219 /* RegistrationViewController.m */,
				3BCDBEEF18FD93D100665219 /* WebViewController.h */,
				3BCDBEF018FD93D100665219 /* WebViewController.m */,
			);
			name = "Sub Categories";
			sourceTree = "<group>";
		};
		3BCDBEF218FDAC0500665219 /* icons */ = {
			isa = PBXGroup;
			children = (
				3BCDBEF318FDAC4600665219 /* intELECTSplash640x960.png */,
				3BCDBEF418FDAC4600665219 /* intELECTSplash640x1136.png */,
				3BCDBEF518FDAC4600665219 /* Logo58.png */,
				3BCDBEF618FDAC4600665219 /* Logo80.png */,
				3BCDBEF718FDAC4600665219 /* Logo120.png */,
				3BCDBEF818FDAC4600665219 /* LOGO1024.png */,
			);
			name = icons;
			sourceTree = "<group>";
		};
		3BDDC57018DA2DA4005CAE08 = {
			isa = PBXGroup;
			children = (
				3BDDC5CE18DA2E12005CAE08 /* UIKit+AFNetworking */,
				3BDDC5B118DA2DFC005CAE08 /* AFNetworking */,
				3BDDC58218DA2DA5005CAE08 /* Intelect_v1 */,
				3BDDC5A118DA2DA5005CAE08 /* Intelect_v1Tests */,
				3BDDC57B18DA2DA4005CAE08 /* Frameworks */,
				3BDDC57A18DA2DA4005CAE08 /* Products */,
			);
			sourceTree = "<group>";
		};
		3BDDC57A18DA2DA4005CAE08 /* Products */ = {
			isa = PBXGroup;
			children = (
				3BDDC57918DA2DA4005CAE08 /* Intelect.app */,
				3BDDC59A18DA2DA5005CAE08 /* IntelectTests.xctest */,
			);
			name = Products;
			sourceTree = "<group>";
		};
		3BDDC57B18DA2DA4005CAE08 /* Frameworks */ = {
			isa = PBXGroup;
			children = (
				3BDDC57C18DA2DA4005CAE08 /* Foundation.framework */,
				3BDDC57E18DA2DA5005CAE08 /* CoreGraphics.framework */,
				3BDDC58018DA2DA5005CAE08 /* UIKit.framework */,
				3BDDC59B18DA2DA5005CAE08 /* XCTest.framework */,
			);
			name = Frameworks;
			sourceTree = "<group>";
		};
		3BDDC58218DA2DA5005CAE08 /* Intelect_v1 */ = {
			isa = PBXGroup;
			children = (
				3B9A6BE518EEFC5500E0CF60 /* SWRevealViewController */,
				3B7BDB8A18EB78BD0084A7B7 /* Resources */,
				3B5B639318E1CAE60019E348 /* NSDate+InternetDateTime.h */,
				3B5B639418E1CAE60019E348 /* NSDate+InternetDateTime.m */,
				3BDDC58B18DA2DA5005CAE08 /* AppDelegate.h */,
				3BDDC58C18DA2DA5005CAE08 /* AppDelegate.m */,
				3BDDC58E18DA2DA5005CAE08 /* Main.storyboard */,
				3B2EEECA18F2EF1900BCCE06 /* MyManager.m */,
				3B2EEEC918F2EF1800BCCE06 /* MyManager.h */,
				3B9A6BE918EF049800E0CF60 /* SideBarViewController.h */,
				3B9A6BEA18EF049800E0CF60 /* SideBarViewController.m */,
				3BCDBEE818FD936B00665219 /* Sub Categories */,
				3B2EEECC18F5AD7900BCCE06 /* Quiz */,
				3B2EEED018F5B14A00BCCE06 /* Zip Screen */,
				3BCDBEE618F9B1E800665219 /* RSS */,
				3BCDBEE718F9B20F00665219 /* Candidates */,
				3BDDC59418DA2DA5005CAE08 /* Images.xcassets */,
				3BDDC58318DA2DA5005CAE08 /* Supporting Files */,
			);
			name = Intelect_v1;
			path = VoteMart_v1;
			sourceTree = "<group>";
		};
		3BDDC58318DA2DA5005CAE08 /* Supporting Files */ = {
			isa = PBXGroup;
			children = (
				3BDDC58418DA2DA5005CAE08 /* Intelect-Info.plist */,
				3BDDC58518DA2DA5005CAE08 /* InfoPlist.strings */,
				3BDDC58818DA2DA5005CAE08 /* main.m */,
				3BDDC58A18DA2DA5005CAE08 /* Intelect-Prefix.pch */,
			);
			name = "Supporting Files";
			sourceTree = "<group>";
		};
		3BDDC5A118DA2DA5005CAE08 /* Intelect_v1Tests */ = {
			isa = PBXGroup;
			children = (
				3BDDC5A718DA2DA5005CAE08 /* VoteMart_v1Tests.m */,
				3BDDC5A218DA2DA5005CAE08 /* Supporting Files */,
			);
			name = Intelect_v1Tests;
			path = VoteMart_v1Tests;
			sourceTree = "<group>";
		};
		3BDDC5A218DA2DA5005CAE08 /* Supporting Files */ = {
			isa = PBXGroup;
			children = (
				3BDDC5A318DA2DA5005CAE08 /* IntelectTests-Info.plist */,
				3BDDC5A418DA2DA5005CAE08 /* InfoPlist.strings */,
			);
			name = "Supporting Files";
			sourceTree = "<group>";
		};
		3BDDC5B118DA2DFC005CAE08 /* AFNetworking */ = {
			isa = PBXGroup;
			children = (
				3BDDC5B218DA2DFC005CAE08 /* AFHTTPRequestOperation.h */,
				3BDDC5B318DA2DFC005CAE08 /* AFHTTPRequestOperation.m */,
				3BDDC5B418DA2DFC005CAE08 /* AFHTTPRequestOperationManager.h */,
				3BDDC5B518DA2DFC005CAE08 /* AFHTTPRequestOperationManager.m */,
				3BDDC5B618DA2DFC005CAE08 /* AFHTTPSessionManager.h */,
				3BDDC5B718DA2DFC005CAE08 /* AFHTTPSessionManager.m */,
				3BDDC5B818DA2DFC005CAE08 /* AFNetworking.h */,
				3BDDC5B918DA2DFC005CAE08 /* AFNetworkReachabilityManager.h */,
				3BDDC5BA18DA2DFC005CAE08 /* AFNetworkReachabilityManager.m */,
				3BDDC5BB18DA2DFC005CAE08 /* AFSecurityPolicy.h */,
				3BDDC5BC18DA2DFC005CAE08 /* AFSecurityPolicy.m */,
				3BDDC5BD18DA2DFC005CAE08 /* AFURLConnectionOperation.h */,
				3BDDC5BE18DA2DFC005CAE08 /* AFURLConnectionOperation.m */,
				3BDDC5BF18DA2DFC005CAE08 /* AFURLRequestSerialization.h */,
				3BDDC5C018DA2DFC005CAE08 /* AFURLRequestSerialization.m */,
				3BDDC5C118DA2DFD005CAE08 /* AFURLResponseSerialization.h */,
				3BDDC5C218DA2DFD005CAE08 /* AFURLResponseSerialization.m */,
				3BDDC5C318DA2DFD005CAE08 /* AFURLSessionManager.h */,
				3BDDC5C418DA2DFD005CAE08 /* AFURLSessionManager.m */,
			);
			path = AFNetworking;
			sourceTree = "<group>";
		};
		3BDDC5CE18DA2E12005CAE08 /* UIKit+AFNetworking */ = {
			isa = PBXGroup;
			children = (
				3BDDC5CF18DA2E12005CAE08 /* AFNetworkActivityIndicatorManager.h */,
				3BDDC5D018DA2E12005CAE08 /* AFNetworkActivityIndicatorManager.m */,
				3BDDC5D118DA2E12005CAE08 /* UIActivityIndicatorView+AFNetworking.h */,
				3BDDC5D218DA2E12005CAE08 /* UIActivityIndicatorView+AFNetworking.m */,
				3BDDC5D318DA2E12005CAE08 /* UIAlertView+AFNetworking.h */,
				3BDDC5D418DA2E12005CAE08 /* UIAlertView+AFNetworking.m */,
				3BDDC5D518DA2E12005CAE08 /* UIButton+AFNetworking.h */,
				3BDDC5D618DA2E12005CAE08 /* UIButton+AFNetworking.m */,
				3BDDC5D718DA2E12005CAE08 /* UIImageView+AFNetworking.h */,
				3BDDC5D818DA2E12005CAE08 /* UIImageView+AFNetworking.m */,
				3BDDC5D918DA2E12005CAE08 /* UIKit+AFNetworking.h */,
				3BDDC5DA18DA2E12005CAE08 /* UIProgressView+AFNetworking.h */,
				3BDDC5DB18DA2E12005CAE08 /* UIProgressView+AFNetworking.m */,
				3BDDC5DC18DA2E12005CAE08 /* UIRefreshControl+AFNetworking.h */,
				3BDDC5DD18DA2E12005CAE08 /* UIRefreshControl+AFNetworking.m */,
				3BDDC5DE18DA2E12005CAE08 /* UIWebView+AFNetworking.h */,
				3BDDC5DF18DA2E12005CAE08 /* UIWebView+AFNetworking.m */,
			);
			path = "UIKit+AFNetworking";
			sourceTree = "<group>";
		};
/* End PBXGroup section */

/* Begin PBXNativeTarget section */
		3BDDC57818DA2DA4005CAE08 /* Intelect */ = {
			isa = PBXNativeTarget;
			buildConfigurationList = 3BDDC5AB18DA2DA5005CAE08 /* Build configuration list for PBXNativeTarget "Intelect" */;
			buildPhases = (
				3BDDC57518DA2DA4005CAE08 /* Sources */,
				3BDDC57618DA2DA4005CAE08 /* Frameworks */,
				3BDDC57718DA2DA4005CAE08 /* Resources */,
			);
			buildRules = (
			);
			dependencies = (
			);
			name = Intelect;
			productName = VoteMart_v1;
			productReference = 3BDDC57918DA2DA4005CAE08 /* Intelect.app */;
			productType = "com.apple.product-type.application";
		};
		3BDDC59918DA2DA5005CAE08 /* IntelectTests */ = {
			isa = PBXNativeTarget;
			buildConfigurationList = 3BDDC5AE18DA2DA5005CAE08 /* Build configuration list for PBXNativeTarget "IntelectTests" */;
			buildPhases = (
				3BDDC59618DA2DA5005CAE08 /* Sources */,
				3BDDC59718DA2DA5005CAE08 /* Frameworks */,
				3BDDC59818DA2DA5005CAE08 /* Resources */,
			);
			buildRules = (
			);
			dependencies = (
				3BDDC5A018DA2DA5005CAE08 /* PBXTargetDependency */,
			);
			name = IntelectTests;
			productName = VoteMart_v1Tests;
			productReference = 3BDDC59A18DA2DA5005CAE08 /* IntelectTests.xctest */;
			productType = "com.apple.product-type.bundle.unit-test";
		};
/* End PBXNativeTarget section */

/* Begin PBXProject section */
		3BDDC57118DA2DA4005CAE08 /* Project object */ = {
			isa = PBXProject;
			attributes = {
				LastUpgradeCheck = 0500;
				ORGANIZATIONNAME = YeddieJones;
				TargetAttributes = {
					3BDDC57818DA2DA4005CAE08 = {
						DevelopmentTeam = 485837Z9Z9;
					};
					3BDDC59918DA2DA5005CAE08 = {
						TestTargetID = 3BDDC57818DA2DA4005CAE08;
					};
				};
			};
			buildConfigurationList = 3BDDC57418DA2DA4005CAE08 /* Build configuration list for PBXProject "Intelect" */;
			compatibilityVersion = "Xcode 3.2";
			developmentRegion = English;
			hasScannedForEncodings = 0;
			knownRegions = (
				en,
				Base,
			);
			mainGroup = 3BDDC57018DA2DA4005CAE08;
			productRefGroup = 3BDDC57A18DA2DA4005CAE08 /* Products */;
			projectDirPath = "";
			projectRoot = "";
			targets = (
				3BDDC57818DA2DA4005CAE08 /* Intelect */,
				3BDDC59918DA2DA5005CAE08 /* IntelectTests */,
			);
		};
/* End PBXProject section */

/* Begin PBXResourcesBuildPhase section */
		3BDDC57718DA2DA4005CAE08 /* Resources */ = {
			isa = PBXResourcesBuildPhase;
			buildActionMask = 2147483647;
			files = (
				3BCDBEE418F998BD00665219 /* NavBar.png in Resources */,
				3BCDBEFE18FDAC4600665219 /* LOGO1024.png in Resources */,
				3B7BDB9118EB79690084A7B7 /* PT_Sans-Web-Bold.ttf in Resources */,
				3BCDBEE518F998BD00665219 /* United_States_Capitol_-_west_front.jpg in Resources */,
				3BDDC59518DA2DA5005CAE08 /* Images.xcassets in Resources */,
				3BCDBEF918FDAC4600665219 /* intELECTSplash640x960.png in Resources */,
				3B7BDB9318EB79690084A7B7 /* PT_Sans-Web-Italic.ttf in Resources */,
				3BCDBEFC18FDAC4600665219 /* Logo80.png in Resources */,
				3BCDBEE318F998BD00665219 /* intELECTFinalLogo.psd in Resources */,
				3BDDC58718DA2DA5005CAE08 /* InfoPlist.strings in Resources */,
				3BCDBEE218F998BD00665219 /* intELECTFinalLogo.png in Resources */,
				3B7BDB9018EB79690084A7B7 /* OFL.txt in Resources */,
				3B7BDB9418EB79690084A7B7 /* PT_Sans-Web-Regular.ttf in Resources */,
				3BCDBEFB18FDAC4600665219 /* Logo58.png in Resources */,
				3BDDC59018DA2DA5005CAE08 /* Main.storyboard in Resources */,
				3B7BDB9218EB79690084A7B7 /* PT_Sans-Web-BoldItalic.ttf in Resources */,
				3BCDBEFA18FDAC4600665219 /* intELECTSplash640x1136.png in Resources */,
				3BCDBEFD18FDAC4600665219 /* Logo120.png in Resources */,
			);
			runOnlyForDeploymentPostprocessing = 0;
		};
		3BDDC59818DA2DA5005CAE08 /* Resources */ = {
			isa = PBXResourcesBuildPhase;
			buildActionMask = 2147483647;
			files = (
				3BDDC5A618DA2DA5005CAE08 /* InfoPlist.strings in Resources */,
			);
			runOnlyForDeploymentPostprocessing = 0;
		};
/* End PBXResourcesBuildPhase section */

/* Begin PBXSourcesBuildPhase section */
		3BDDC57518DA2DA4005CAE08 /* Sources */ = {
			isa = PBXSourcesBuildPhase;
			buildActionMask = 2147483647;
			files = (
				3BDDC5C518DA2DFD005CAE08 /* AFHTTPRequestOperation.m in Sources */,
				3BDDC5E418DA2E12005CAE08 /* UIImageView+AFNetworking.m in Sources */,
				3BDDC5C618DA2DFD005CAE08 /* AFHTTPRequestOperationManager.m in Sources */,
				3B9A6BEB18EF049800E0CF60 /* SideBarViewController.m in Sources */,
				3BDDC5E518DA2E12005CAE08 /* UIProgressView+AFNetworking.m in Sources */,
				3BDDC5C818DA2DFD005CAE08 /* AFNetworkReachabilityManager.m in Sources */,
				3B9A6BEE18F06B3500E0CF60 /* PageContentViewController.m in Sources */,
				3BDDC5CC18DA2DFD005CAE08 /* AFURLResponseSerialization.m in Sources */,
				3B5B639818E1DBD60019E348 /* RssDetailViewController.m in Sources */,
				3BDDC5CA18DA2DFD005CAE08 /* AFURLConnectionOperation.m in Sources */,
				3B7BDB7918E88BF90084A7B7 /* CustomTableViewController.m in Sources */,
				3BDDC5E318DA2E12005CAE08 /* UIButton+AFNetworking.m in Sources */,
				3BDDC5E118DA2E12005CAE08 /* UIActivityIndicatorView+AFNetworking.m in Sources */,
				3BDDC5C918DA2DFD005CAE08 /* AFSecurityPolicy.m in Sources */,
				3BDDC5E618DA2E12005CAE08 /* UIRefreshControl+AFNetworking.m in Sources */,
				3BDDC5E718DA2E12005CAE08 /* UIWebView+AFNetworking.m in Sources */,
				3B7BDB8518E88D050084A7B7 /* CandidateListViewController.m in Sources */,
				3B7BDB8618E88D050084A7B7 /* CandidateCell.m in Sources */,
				3B7BDB8918E88DA90084A7B7 /* CandidateViewController.m in Sources */,
				3BDDC5C718DA2DFD005CAE08 /* AFHTTPSessionManager.m in Sources */,
				3BDDC5E218DA2E12005CAE08 /* UIAlertView+AFNetworking.m in Sources */,
				3BDDC5CB18DA2DFD005CAE08 /* AFURLRequestSerialization.m in Sources */,
				3BDDC5E018DA2E12005CAE08 /* AFNetworkActivityIndicatorManager.m in Sources */,
				3B9A6BF118F06CF100E0CF60 /* QuizViewController.m in Sources */,
				3BDDC5CD18DA2DFD005CAE08 /* AFURLSessionManager.m in Sources */,
				3BCDBEEE18FD93B400665219 /* RegistrationViewController.m in Sources */,
				3BDDC58D18DA2DA5005CAE08 /* AppDelegate.m in Sources */,
				3B2EEECB18F2EF1900BCCE06 /* MyManager.m in Sources */,
				3B9A6BE818EEFC5500E0CF60 /* SWRevealViewController.m in Sources */,
				3B5B639518E1CAE60019E348 /* NSDate+InternetDateTime.m in Sources */,
				3BDDC5EA18DA2E5E005CAE08 /* RssFeedTableViewController.m in Sources */,
				3BCDBEF118FD93D100665219 /* WebViewController.m in Sources */,
				3B2EEECF18F5ADB300BCCE06 /* ZipScreenViewController.m in Sources */,
				3BDDC5ED18DA2E89005CAE08 /* RssCell.m in Sources */,
				3BDDC58918DA2DA5005CAE08 /* main.m in Sources */,
				3B7BDB7A18E88BF90084A7B7 /* CustonCell.m in Sources */,
			);
			runOnlyForDeploymentPostprocessing = 0;
		};
		3BDDC59618DA2DA5005CAE08 /* Sources */ = {
			isa = PBXSourcesBuildPhase;
			buildActionMask = 2147483647;
			files = (
				3BDDC5A818DA2DA5005CAE08 /* VoteMart_v1Tests.m in Sources */,
			);
			runOnlyForDeploymentPostprocessing = 0;
		};
/* End PBXSourcesBuildPhase section */

/* Begin PBXTargetDependency section */
		3BDDC5A018DA2DA5005CAE08 /* PBXTargetDependency */ = {
			isa = PBXTargetDependency;
			target = 3BDDC57818DA2DA4005CAE08 /* Intelect */;
			targetProxy = 3BDDC59F18DA2DA5005CAE08 /* PBXContainerItemProxy */;
		};
/* End PBXTargetDependency section */

/* Begin PBXVariantGroup section */
		3BDDC58518DA2DA5005CAE08 /* InfoPlist.strings */ = {
			isa = PBXVariantGroup;
			children = (
				3BDDC58618DA2DA5005CAE08 /* en */,
			);
			name = InfoPlist.strings;
			sourceTree = "<group>";
		};
		3BDDC58E18DA2DA5005CAE08 /* Main.storyboard */ = {
			isa = PBXVariantGroup;
			children = (
				3BDDC58F18DA2DA5005CAE08 /* Base */,
			);
			name = Main.storyboard;
			sourceTree = "<group>";
		};
		3BDDC5A418DA2DA5005CAE08 /* InfoPlist.strings */ = {
			isa = PBXVariantGroup;
			children = (
				3BDDC5A518DA2DA5005CAE08 /* en */,
			);
			name = InfoPlist.strings;
			sourceTree = "<group>";
		};
/* End PBXVariantGroup section */

/* Begin XCBuildConfiguration section */
		3BDDC5A918DA2DA5005CAE08 /* Debug */ = {
			isa = XCBuildConfiguration;
			buildSettings = {
				ALWAYS_SEARCH_USER_PATHS = NO;
				ARCHS = "$(ARCHS_STANDARD_INCLUDING_64_BIT)";
				CLANG_CXX_LANGUAGE_STANDARD = "gnu++0x";
				CLANG_CXX_LIBRARY = "libc++";
				CLANG_ENABLE_MODULES = YES;
				CLANG_ENABLE_OBJC_ARC = YES;
				CLANG_WARN_BOOL_CONVERSION = YES;
				CLANG_WARN_CONSTANT_CONVERSION = YES;
				CLANG_WARN_DIRECT_OBJC_ISA_USAGE = YES_ERROR;
				CLANG_WARN_EMPTY_BODY = YES;
				CLANG_WARN_ENUM_CONVERSION = YES;
				CLANG_WARN_INT_CONVERSION = YES;
				CLANG_WARN_OBJC_ROOT_CLASS = YES_ERROR;
				CLANG_WARN__DUPLICATE_METHOD_MATCH = YES;
				"CODE_SIGN_IDENTITY[sdk=iphoneos*]" = "iPhone Developer";
				COPY_PHASE_STRIP = NO;
				GCC_C_LANGUAGE_STANDARD = gnu99;
				GCC_DYNAMIC_NO_PIC = NO;
				GCC_OPTIMIZATION_LEVEL = 0;
				GCC_PREPROCESSOR_DEFINITIONS = (
					"DEBUG=1",
					"$(inherited)",
				);
				GCC_SYMBOLS_PRIVATE_EXTERN = NO;
				GCC_WARN_64_TO_32_BIT_CONVERSION = YES;
				GCC_WARN_ABOUT_RETURN_TYPE = YES_ERROR;
				GCC_WARN_UNDECLARED_SELECTOR = YES;
				GCC_WARN_UNINITIALIZED_AUTOS = YES;
				GCC_WARN_UNUSED_FUNCTION = YES;
				GCC_WARN_UNUSED_VARIABLE = YES;
				IPHONEOS_DEPLOYMENT_TARGET = 7.0;
				ONLY_ACTIVE_ARCH = YES;
				SDKROOT = iphoneos;
			};
			name = Debug;
		};
		3BDDC5AA18DA2DA5005CAE08 /* Release */ = {
			isa = XCBuildConfiguration;
			buildSettings = {
				ALWAYS_SEARCH_USER_PATHS = NO;
				ARCHS = "$(ARCHS_STANDARD_INCLUDING_64_BIT)";
				CLANG_CXX_LANGUAGE_STANDARD = "gnu++0x";
				CLANG_CXX_LIBRARY = "libc++";
				CLANG_ENABLE_MODULES = YES;
				CLANG_ENABLE_OBJC_ARC = YES;
				CLANG_WARN_BOOL_CONVERSION = YES;
				CLANG_WARN_CONSTANT_CONVERSION = YES;
				CLANG_WARN_DIRECT_OBJC_ISA_USAGE = YES_ERROR;
				CLANG_WARN_EMPTY_BODY = YES;
				CLANG_WARN_ENUM_CONVERSION = YES;
				CLANG_WARN_INT_CONVERSION = YES;
				CLANG_WARN_OBJC_ROOT_CLASS = YES_ERROR;
				CLANG_WARN__DUPLICATE_METHOD_MATCH = YES;
				"CODE_SIGN_IDENTITY[sdk=iphoneos*]" = "iPhone Developer";
				COPY_PHASE_STRIP = YES;
				ENABLE_NS_ASSERTIONS = NO;
				GCC_C_LANGUAGE_STANDARD = gnu99;
				GCC_WARN_64_TO_32_BIT_CONVERSION = YES;
				GCC_WARN_ABOUT_RETURN_TYPE = YES_ERROR;
				GCC_WARN_UNDECLARED_SELECTOR = YES;
				GCC_WARN_UNINITIALIZED_AUTOS = YES;
				GCC_WARN_UNUSED_FUNCTION = YES;
				GCC_WARN_UNUSED_VARIABLE = YES;
				IPHONEOS_DEPLOYMENT_TARGET = 7.0;
				SDKROOT = iphoneos;
				VALIDATE_PRODUCT = YES;
			};
			name = Release;
		};
		3BDDC5AC18DA2DA5005CAE08 /* Debug */ = {
			isa = XCBuildConfiguration;
			buildSettings = {
				ASSETCATALOG_COMPILER_APPICON_NAME = AppIcon;
				ASSETCATALOG_COMPILER_LAUNCHIMAGE_NAME = LaunchImage;
				CODE_SIGN_IDENTITY = "iPhone Developer";
				"CODE_SIGN_IDENTITY[sdk=iphoneos*]" = "iPhone Developer";
				GCC_PRECOMPILE_PREFIX_HEADER = YES;
				GCC_PREFIX_HEADER = "VoteMart_v1/Intelect-Prefix.pch";
				INFOPLIST_FILE = "VoteMart_v1/Intelect-Info.plist";
				PRODUCT_NAME = Intelect;
				PROVISIONING_PROFILE = "";
				WRAPPER_EXTENSION = app;
			};
			name = Debug;
		};
		3BDDC5AD18DA2DA5005CAE08 /* Release */ = {
			isa = XCBuildConfiguration;
			buildSettings = {
				ASSETCATALOG_COMPILER_APPICON_NAME = AppIcon;
				ASSETCATALOG_COMPILER_LAUNCHIMAGE_NAME = LaunchImage;
				CODE_SIGN_IDENTITY = "iPhone Developer";
				"CODE_SIGN_IDENTITY[sdk=iphoneos*]" = "iPhone Developer";
				GCC_PRECOMPILE_PREFIX_HEADER = YES;
				GCC_PREFIX_HEADER = "VoteMart_v1/Intelect-Prefix.pch";
				INFOPLIST_FILE = "VoteMart_v1/Intelect-Info.plist";
				PRODUCT_NAME = Intelect;
				PROVISIONING_PROFILE = "";
				WRAPPER_EXTENSION = app;
			};
			name = Release;
		};
		3BDDC5AF18DA2DA5005CAE08 /* Debug */ = {
			isa = XCBuildConfiguration;
			buildSettings = {
				ARCHS = "$(ARCHS_STANDARD_INCLUDING_64_BIT)";
				BUNDLE_LOADER = "$(BUILT_PRODUCTS_DIR)/VoteMart_v1.app/VoteMart_v1";
				FRAMEWORK_SEARCH_PATHS = (
					"$(SDKROOT)/Developer/Library/Frameworks",
					"$(inherited)",
					"$(DEVELOPER_FRAMEWORKS_DIR)",
				);
				GCC_PRECOMPILE_PREFIX_HEADER = YES;
				GCC_PREFIX_HEADER = "VoteMart_v1/VoteMart_v1-Prefix.pch";
				GCC_PREPROCESSOR_DEFINITIONS = (
					"DEBUG=1",
					"$(inherited)",
				);
				INFOPLIST_FILE = "VoteMart_v1Tests/IntelectTests-Info.plist";
				PRODUCT_NAME = IntelectTests;
				TEST_HOST = "$(BUNDLE_LOADER)";
				WRAPPER_EXTENSION = xctest;
			};
			name = Debug;
		};
		3BDDC5B018DA2DA5005CAE08 /* Release */ = {
			isa = XCBuildConfiguration;
			buildSettings = {
				ARCHS = "$(ARCHS_STANDARD_INCLUDING_64_BIT)";
				BUNDLE_LOADER = "$(BUILT_PRODUCTS_DIR)/VoteMart_v1.app/VoteMart_v1";
				FRAMEWORK_SEARCH_PATHS = (
					"$(SDKROOT)/Developer/Library/Frameworks",
					"$(inherited)",
					"$(DEVELOPER_FRAMEWORKS_DIR)",
				);
				GCC_PRECOMPILE_PREFIX_HEADER = YES;
				GCC_PREFIX_HEADER = "VoteMart_v1/VoteMart_v1-Prefix.pch";
				INFOPLIST_FILE = "VoteMart_v1Tests/IntelectTests-Info.plist";
				PRODUCT_NAME = IntelectTests;
				TEST_HOST = "$(BUNDLE_LOADER)";
				WRAPPER_EXTENSION = xctest;
			};
			name = Release;
		};
/* End XCBuildConfiguration section */

/* Begin XCConfigurationList section */
		3BDDC57418DA2DA4005CAE08 /* Build configuration list for PBXProject "Intelect" */ = {
			isa = XCConfigurationList;
			buildConfigurations = (
				3BDDC5A918DA2DA5005CAE08 /* Debug */,
				3BDDC5AA18DA2DA5005CAE08 /* Release */,
			);
			defaultConfigurationIsVisible = 0;
			defaultConfigurationName = Release;
		};
		3BDDC5AB18DA2DA5005CAE08 /* Build configuration list for PBXNativeTarget "Intelect" */ = {
			isa = XCConfigurationList;
			buildConfigurations = (
				3BDDC5AC18DA2DA5005CAE08 /* Debug */,
				3BDDC5AD18DA2DA5005CAE08 /* Release */,
			);
			defaultConfigurationIsVisible = 0;
			defaultConfigurationName = Release;
		};
		3BDDC5AE18DA2DA5005CAE08 /* Build configuration list for PBXNativeTarget "IntelectTests" */ = {
			isa = XCConfigurationList;
			buildConfigurations = (
				3BDDC5AF18DA2DA5005CAE08 /* Debug */,
				3BDDC5B018DA2DA5005CAE08 /* Release */,
			);
			defaultConfigurationIsVisible = 0;
			defaultConfigurationName = Release;
		};
/* End XCConfigurationList section */
	};
	rootObject = 3BDDC57118DA2DA4005CAE08 /* Project object */;
}
